
Microsoft Visual Studio Solution File, Format Version 12.00
Project("{FAE04EC0-301F-11D3-BF4B-00C04F79EFBC}") = "MileniaGameProject", "MileniaGameProject\MileniaGameProject.csproj", "{8B366F70-1695-4E11-804B-62937EAF345F}"
EndProject
Global
	GlobalSection(SolutionConfigurationPlatforms) = preSolution
		Debug|Any CPU = Debug|Any CPU
		Release|Any CPU = Release|Any CPU
	EndGlobalSection
	GlobalSection(ProjectConfigurationPlatforms) = postSolution
		{8B366F70-1695-4E11-804B-62937EAF345F}.Debug|Any CPU.ActiveCfg = Debug|Any CPU
		{8B366F70-1695-4E11-804B-62937EAF345F}.Debug|Any CPU.Build.0 = Debug|Any CPU
		{8B366F70-1695-4E11-804B-62937EAF345F}.Release|Any CPU.ActiveCfg = Release|Any CPU
		{8B366F70-1695-4E11-804B-62937EAF345F}.Release|Any CPU.Build.0 = Release|Any CPU
	EndGlobalSection
EndGlobal
